
Microsoft Visual Studio Solution File, Format Version 12.00
# Visual Studio Version 17
VisualStudioVersion = 17.0.31919.166
MinimumVisualStudioVersion = 10.0.40219.1
Project("{8BC9CEB8-8B4A-11D0-8D11-00A0C91BC942}") = "DataMaker", "DataMaker\DataMaker.vcxproj", "{963F5248-0F97-48FF-BA4C-A2E01B6B4B31}"
EndProject
Global
	GlobalSection(SolutionConfigurationPlatforms) = preSolution
		Debug|x64 = Debug|x64
		Debug|x86 = Debug|x86
		Release|x64 = Release|x64
		Release|x86 = Release|x86
	EndGlobalSection
	GlobalSection(ProjectConfigurationPlatforms) = postSolution
		{963F5248-0F97-48FF-BA4C-A2E01B6B4B31}.Debug|x64.ActiveCfg = Debug|x64
		{963F5248-0F97-48FF-BA4C-A2E01B6B4B31}.Debug|x64.Build.0 = Debug|x64
		{963F5248-0F97-48FF-BA4C-A2E01B6B4B31}.Debug|x86.ActiveCfg = Debug|Win32
		{963F5248-0F97-48FF-BA4C-A2E01B6B4B31}.Debug|x86.Build.0 = Debug|Win32
		{963F5248-0F97-48FF-BA4C-A2E01B6B4B31}.Release|x64.ActiveCfg = Release|x64
		{963F5248-0F97-48FF-BA4C-A2E01B6B4B31}.Release|x64.Build.0 = Release|x64
		{963F5248-0F97-48FF-BA4C-A2E01B6B4B31}.Release|x86.ActiveCfg = Release|Win32
		{963F5248-0F97-48FF-BA4C-A2E01B6B4B31}.Release|x86.Build.0 = Release|Win32
	EndGlobalSection
	GlobalSection(SolutionProperties) = preSolution
		HideSolutionNode = FALSE
	EndGlobalSection
	GlobalSection(ExtensibilityGlobals) = postSolution
		SolutionGuid = {338A2C45-6DAA-4891-A31B-77E95DEA0922}
	EndGlobalSection
EndGlobal
